
Microsoft Visual Studio Solution File, Format Version 12.00
# Visual Studio 15
Project("{FAE04EC0-301F-11D3-BF4B-00C04F79EFBC}") = "UnityEditor.UI", "UnityEditor.UI.csproj", "{C6577709-379C-8182-8ACE-C538B195855B}"
EndProject
Project("{FAE04EC0-301F-11D3-BF4B-00C04F79EFBC}") = "UnityEngine.UI", "UnityEngine.UI.csproj", "{087BFB84-976F-D28C-0D8F-DCBC198293A5}"
EndProject
Project("{FAE04EC0-301F-11D3-BF4B-00C04F79EFBC}") = "Assembly-CSharp", "Assembly-CSharp.csproj", "{FEBE8C0E-A426-D587-2817-75C88BBAAC1F}"
EndProject
Global
	GlobalSection(SolutionConfigurationPlatforms) = preSolution
		Debug|Any CPU = Debug|Any CPU
		Release|Any CPU = Release|Any CPU
	EndGlobalSection
	GlobalSection(ProjectConfigurationPlatforms) = postSolution
		{C6577709-379C-8182-8ACE-C538B195855B}.Debug|Any CPU.ActiveCfg = Debug|Any CPU
		{C6577709-379C-8182-8ACE-C538B195855B}.Debug|Any CPU.Build.0 = Debug|Any CPU
		{C6577709-379C-8182-8ACE-C538B195855B}.Release|Any CPU.ActiveCfg = Release|Any CPU
		{C6577709-379C-8182-8ACE-C538B195855B}.Release|Any CPU.Build.0 = Release|Any CPU
		{087BFB84-976F-D28C-0D8F-DCBC198293A5}.Debug|Any CPU.ActiveCfg = Debug|Any CPU
		{087BFB84-976F-D28C-0D8F-DCBC198293A5}.Debug|Any CPU.Build.0 = Debug|Any CPU
		{087BFB84-976F-D28C-0D8F-DCBC198293A5}.Release|Any CPU.ActiveCfg = Release|Any CPU
		{087BFB84-976F-D28C-0D8F-DCBC198293A5}.Release|Any CPU.Build.0 = Release|Any CPU
		{FEBE8C0E-A426-D587-2817-75C88BBAAC1F}.Debug|Any CPU.ActiveCfg = Debug|Any CPU
		{FEBE8C0E-A426-D587-2817-75C88BBAAC1F}.Debug|Any CPU.Build.0 = Debug|Any CPU
		{FEBE8C0E-A426-D587-2817-75C88BBAAC1F}.Release|Any CPU.ActiveCfg = Release|Any CPU
		{FEBE8C0E-A426-D587-2817-75C88BBAAC1F}.Release|Any CPU.Build.0 = Release|Any CPU
	EndGlobalSection
	GlobalSection(SolutionProperties) = preSolution
		HideSolutionNode = FALSE
	EndGlobalSection
EndGlobal
